{
  "name": "flourish-culture-website",
  "version": "1.2.0",
  "lockfileVersion": 3,
  "requires": true,
  "packages": {
    "": {
      "name": "flourish-culture-website",
      "version": "1.2.0",
      "dependencies": {
        "@fontsource-variable/archivo": "^5.2.8",
        "@fontsource-variable/space-grotesk": "^5.2.10",
        "nodemailer": "9.0.5",
        "remixicon": "^4.9.1"
      }
    },
    "node_modules/@fontsource-variable/archivo": {
      "version": "5.2.8",
      "resolved": "https://registry.npmjs.org/@fontsource-variable/archivo/-/archivo-5.2.8.tgz",
      "integrity": "sha512-R8EotpKHEsKv7d7oiUyjyPENRi2gtAlwdTlzDCOs5BfX/LJP7jvUYJ4fF/qyd3rnbgk3r1xp33g1P57bYJfhzQ==",
      "license": "OFL-1.1",
      "funding": {
        "url": "https://github.com/sponsors/ayuhito"
      }
    },
    "node_modules/@fontsource-variable/space-grotesk": {
      "version": "5.2.10",
      "resolved": "https://registry.npmjs.org/@fontsource-variable/space-grotesk/-/space-grotesk-5.2.10.tgz",
      "integrity": "sha512-yJQO/o35/hAP3CFnpdFTwQku2yzJOae2HIpBmqkOVoxhhXJaQP3g+b6Jrz7u+eI7A5ZdCIf88uMWpBJdFiGr5w==",
      "license": "OFL-1.1",
      "funding": {
        "url": "https://github.com/sponsors/ayuhito"
      }
    },
    "node_modules/nodemailer": {
      "version": "9.0.5",
      "resolved": "https://registry.npmjs.org/nodemailer/-/nodemailer-9.0.5.tgz",
      "integrity": "sha512-wvjiKvjczmsN7U/8006JOdXubgBk2XFAbioDMbT+sM7cPs0QrhJTa6KBRX7P5REGGkDcLUz/EarWidb8G8C1jQ==",
      "license": "MIT-0",
      "engines": {
        "node": ">=6.0.0"
      }
    },
    "node_modules/remixicon": {
      "version": "4.9.1",
      "resolved": "https://registry.npmjs.org/remixicon/-/remixicon-4.9.1.tgz",
      "integrity": "sha512-36gLSoujkabnCFZFDyP17VNh9piuBA/rsXUb4auSJWLGsHVXtmxLj/EM5FjaEAGnk8oIAj1Azob/DZ2N+90lAQ==",
      "license": "Apache-2.0"
    }
  }
}
